schema: '2.0'
stages:
  data_ingestion:
    cmd: python src/data/data_ingestion.py
    deps:
    - path: src/data/data_ingestion.py
      hash: md5
      md5: caaf549d488798bd2084e75336efb97f
      size: 4219
    params:
      params.yaml:
        data_ingestion.test_size: 0.25
    outs:
    - path: data/raw
      hash: md5
      md5: 661f9e98e322fdbd4e565be133b8a748.dir
      size: 6882906
      nfiles: 2
  data_preprocessing:
    cmd: python src/data/data_preprocessing.py
    deps:
    - path: data/raw/test.csv
      hash: md5
      md5: 7bcce30bf2a1cb8266436615cd99626e
      size: 1671731
    - path: data/raw/train.csv
      hash: md5
      md5: 9b68c84a82a9223b7605d7b5b5393ca4
      size: 5211175
    - path: src/data/data_preprocessing.py
      hash: md5
      md5: 0caf3d4322a07e68476124fa3cd75e24
      size: 3747
    outs:
    - path: data/interim
      hash: md5
      md5: 3b131d597cf99cc074eab4638ea26eb4.dir
      size: 5098055
      nfiles: 2
  model_building:
    cmd: python src/model/model_building.py
    deps:
    - path: data/interim/train_processed.csv
      hash: md5
      md5: 93048fefdfb15643899972fbc0631795
      size: 3858687
    - path: src/model/model_building.py
      hash: md5
      md5: 9a4cc00245a10b734ccedce855755f8c
      size: 5504
    params:
      params.yaml:
        model_building.learning_rate: 0.09
        model_building.max_depth: 20
        model_building.max_features: 10000
        model_building.n_estimators: 367
        model_building.ngram_range:
        - 1
        - 3
    outs:
    - path: lgbm_model.pkl
      hash: md5
      md5: 2f8e89469424f1d0e5fd1a9e93d9f58b
      size: 4113150
    - path: tfidf_vectorizer.pkl
      hash: md5
      md5: 3fca64e9116f8e5b57ec01f4624cab6f
      size: 384000
  model_evaluation:
    cmd: python src/model/model_evaluation.py
    deps:
    - path: data/interim/test_processed.csv
      hash: md5
      md5: d2471212889c93634224a9038ca3a203
      size: 1239368
    - path: data/interim/train_processed.csv
      hash: md5
      md5: 93048fefdfb15643899972fbc0631795
      size: 3858687
    - path: lgbm_model.pkl
      hash: md5
      md5: 2f8e89469424f1d0e5fd1a9e93d9f58b
      size: 4113150
    - path: src/model/model_evaluation.py
      hash: md5
      md5: 87f1b213ebb3e79be3510d06554d966b
      size: 7136
    - path: tfidf_vectorizer.pkl
      hash: md5
      md5: 3fca64e9116f8e5b57ec01f4624cab6f
      size: 384000
    outs:
    - path: experiment_info.json
      hash: md5
      md5: 3ddd60e8a1aa42a08fbad2e3087d6928
      size: 123
  model_registration:
    cmd: python src/model/register_model.py
    deps:
    - path: experiment_info.json
      hash: md5
      md5: 3ddd60e8a1aa42a08fbad2e3087d6928
      size: 123
    - path: src/model/register_model.py
      hash: md5
      md5: 29306285456858f885b37bf933f1e485
      size: 2361
